
Microsoft Visual Studio Solution File, Format Version 12.00
# Visual Studio Version 17
VisualStudioVersion = 17.4.33122.133
MinimumVisualStudioVersion = 10.0.40219.1
Project("{FAE04EC0-301F-11D3-BF4B-00C04F79EFBC}") = "ProductsManagement", "ProductsManagement.csproj", "{8C486930-2B64-4767-B685-55035F551E4B}"
EndProject
Global
	GlobalSection(SolutionConfigurationPlatforms) = preSolution
		Debug|Any CPU = Debug|Any CPU
		Release|Any CPU = Release|Any CPU
	EndGlobalSection
	GlobalSection(ProjectConfigurationPlatforms) = postSolution
		{8C486930-2B64-4767-B685-55035F551E4B}.Debug|Any CPU.ActiveCfg = Debug|Any CPU
		{8C486930-2B64-4767-B685-55035F551E4B}.Debug|Any CPU.Build.0 = Debug|Any CPU
		{8C486930-2B64-4767-B685-55035F551E4B}.Release|Any CPU.ActiveCfg = Release|Any CPU
		{8C486930-2B64-4767-B685-55035F551E4B}.Release|Any CPU.Build.0 = Release|Any CPU
	EndGlobalSection
	GlobalSection(SolutionProperties) = preSolution
		HideSolutionNode = FALSE
	EndGlobalSection
	GlobalSection(ExtensibilityGlobals) = postSolution
		SolutionGuid = {9614AB9C-AA97-4234-A3E4-C49C5D40B673}
	EndGlobalSection
EndGlobal
